
Microsoft Visual Studio Solution File, Format Version 12.00
# Visual Studio Version 16
VisualStudioVersion = 16.0.31605.320
MinimumVisualStudioVersion = 10.0.40219.1
Project("{FAE04EC0-301F-11D3-BF4B-00C04F79EFBC}") = "SRP", "SRP\SRP.csproj", "{C5A81D88-DF4F-454A-9DD7-88367BF5E95E}"
EndProject
Global
	GlobalSection(SolutionConfigurationPlatforms) = preSolution
		Debug|Any CPU = Debug|Any CPU
		Release|Any CPU = Release|Any CPU
	EndGlobalSection
	GlobalSection(ProjectConfigurationPlatforms) = postSolution
		{C5A81D88-DF4F-454A-9DD7-88367BF5E95E}.Debug|Any CPU.ActiveCfg = Debug|Any CPU
		{C5A81D88-DF4F-454A-9DD7-88367BF5E95E}.Debug|Any CPU.Build.0 = Debug|Any CPU
		{C5A81D88-DF4F-454A-9DD7-88367BF5E95E}.Release|Any CPU.ActiveCfg = Release|Any CPU
		{C5A81D88-DF4F-454A-9DD7-88367BF5E95E}.Release|Any CPU.Build.0 = Release|Any CPU
	EndGlobalSection
	GlobalSection(SolutionProperties) = preSolution
		HideSolutionNode = FALSE
	EndGlobalSection
	GlobalSection(ExtensibilityGlobals) = postSolution
		SolutionGuid = {C459CA22-C1E3-468C-94E8-C619D24E7210}
	EndGlobalSection
EndGlobal
